
Microsoft Visual Studio Solution File, Format Version 12.00
# Visual Studio Version 17
VisualStudioVersion = 17.5.002.0
MinimumVisualStudioVersion = 10.0.40219.1
Project("{9A19103F-16F7-4668-BE54-9A1E7A4F7556}") = "ContactManagement", "ContactManagement.csproj", "{5F79D8C2-301D-4CA8-9187-242987F91DCC}"
EndProject
Global
	GlobalSection(SolutionConfigurationPlatforms) = preSolution
		Debug|Any CPU = Debug|Any CPU
		Release|Any CPU = Release|Any CPU
	EndGlobalSection
	GlobalSection(ProjectConfigurationPlatforms) = postSolution
		{5F79D8C2-301D-4CA8-9187-242987F91DCC}.Debug|Any CPU.ActiveCfg = Debug|Any CPU
		{5F79D8C2-301D-4CA8-9187-242987F91DCC}.Debug|Any CPU.Build.0 = Debug|Any CPU
		{5F79D8C2-301D-4CA8-9187-242987F91DCC}.Release|Any CPU.ActiveCfg = Release|Any CPU
		{5F79D8C2-301D-4CA8-9187-242987F91DCC}.Release|Any CPU.Build.0 = Release|Any CPU
	EndGlobalSection
	GlobalSection(SolutionProperties) = preSolution
		HideSolutionNode = FALSE
	EndGlobalSection
	GlobalSection(ExtensibilityGlobals) = postSolution
		SolutionGuid = {93ACA7F2-2DB1-4A5E-B222-338D54836ECD}
	EndGlobalSection
EndGlobal
